// !$*UTF8*$!
{
	archiveVersion = 1;
	classes = {
	};
	objectVersion = 77;
	objects = {

/* Begin PBXBuildFile section */
		C77B57162FC00DCA003FDC61 /* Mio.icon in Resources */ = {isa = PBXBuildFile; fileRef = C77B57152FC00DCA003FDC61 /* Mio.icon */; };
/* End PBXBuildFile section */

/* Begin PBXFileReference section */
		C0DEC0DEC0DEC0DEC0DEC001 /* Base.xcconfig */ = {isa = PBXFileReference; lastKnownFileType = text.xcconfig; path = Base.xcconfig; sourceTree = "<group>"; };
		C0DEC0DEC0DEC0DEC0DEC002 /* Debug.xcconfig */ = {isa = PBXFileReference; lastKnownFileType = text.xcconfig; path = Debug.xcconfig; sourceTree = "<group>"; };
		C0DEC0DEC0DEC0DEC0DEC003 /* Release.xcconfig */ = {isa = PBXFileReference; lastKnownFileType = text.xcconfig; path = Release.xcconfig; sourceTree = "<group>"; };
		C77B53A22FBE225F003FDC61 /* WinMio.app */ = {isa = PBXFileReference; explicitFileType = wrapper.application; includeInIndex = 0; path = WinMio.app; sourceTree = BUILT_PRODUCTS_DIR; };
		C77B57152FC00DCA003FDC61 /* Mio.icon */ = {isa = PBXFileReference; lastKnownFileType = folder.iconcomposer.icon; path = Mio.icon; sourceTree = "<group>"; };
/* End PBXFileReference section */

/* Begin PBXFileSystemSynchronizedBuildFileExceptionSet section */
		C7224CB22EF2FA88000E28C8 /* Exceptions for "Mio" folder in "WinMio" target */ = {
			isa = PBXFileSystemSynchronizedBuildFileExceptionSet;
			membershipExceptions = (
				"Info-AppStore.plist",
			);
			target = 160D2D552ECCB91300A25E82 /* WinMio */;
		};
/* End PBXFileSystemSynchronizedBuildFileExceptionSet section */

/* Begin PBXFileSystemSynchronizedRootGroup section */
		16C553432EB8AF3F008745D0 /* Mio */ = {
			isa = PBXFileSystemSynchronizedRootGroup;
			exceptions = (
				C7224CB22EF2FA88000E28C8 /* Exceptions for "Mio" folder in "WinMio" target */,
			);
			path = Mio;
			sourceTree = "<group>";
		};
/* End PBXFileSystemSynchronizedRootGroup section */

/* Begin PBXFrameworksBuildPhase section */
		160D2D592ECCB91300A25E82 /* Frameworks */ = {
			isa = PBXFrameworksBuildPhase;
			buildActionMask = 2147483647;
			files = (
			);
			runOnlyForDeploymentPostprocessing = 0;
		};
/* End PBXFrameworksBuildPhase section */

/* Begin PBXGroup section */
		16C553382EB8AF3F008745D0 = {
			isa = PBXGroup;
			children = (
				16C553432EB8AF3F008745D0 /* Mio */,
				C0DEC0DEC0DEC0DEC0DEC004 /* Config */,
				C77B53A22FBE225F003FDC61 /* WinMio.app */,
				C77B57152FC00DCA003FDC61 /* Mio.icon */,
			);
			sourceTree = "<group>";
		};
		C0DEC0DEC0DEC0DEC0DEC004 /* Config */ = {
			isa = PBXGroup;
			children = (
				C0DEC0DEC0DEC0DEC0DEC001 /* Base.xcconfig */,
				C0DEC0DEC0DEC0DEC0DEC002 /* Debug.xcconfig */,
				C0DEC0DEC0DEC0DEC0DEC003 /* Release.xcconfig */,
			);
			path = Config;
			sourceTree = "<group>";
		};
/* End PBXGroup section */

/* Begin PBXNativeTarget section */
		160D2D552ECCB91300A25E82 /* WinMio */ = {
			isa = PBXNativeTarget;
			buildConfigurationList = 160D2D5C2ECCB91300A25E82 /* Build configuration list for PBXNativeTarget "WinMio" */;
			buildPhases = (
				160D2D582ECCB91300A25E82 /* Sources */,
				160D2D592ECCB91300A25E82 /* Frameworks */,
				160D2D5B2ECCB91300A25E82 /* Resources */,
			);
			buildRules = (
			);
			dependencies = (
			);
			fileSystemSynchronizedGroups = (
				16C553432EB8AF3F008745D0 /* Mio */,
			);
			name = WinMio;
			productName = WinMio;
			productReference = C77B53A22FBE225F003FDC61 /* WinMio.app */;
			productType = "com.apple.product-type.application";
		};
/* End PBXNativeTarget section */

/* Begin PBXProject section */
		16C553392EB8AF3F008745D0 /* Project object */ = {
			isa = PBXProject;
			attributes = {
				BuildIndependentTargetsInParallel = 1;
				LastSwiftUpdateCheck = 2600;
				LastUpgradeCheck = 2640;
			};
			buildConfigurationList = 16C5533C2EB8AF3F008745D0 /* Build configuration list for PBXProject "WinMio" */;
			developmentRegion = en;
			hasScannedForEncodings = 0;
			knownRegions = (
				en,
				Base,
				ja,
				fr,
				de,
				"zh-Hans",
			);
			mainGroup = 16C553382EB8AF3F008745D0;
			minimizedProjectReferenceProxies = 1;
			preferredProjectObjectVersion = 77;
			productRefGroup = 16C553382EB8AF3F008745D0;
			projectDirPath = "";
			projectRoot = "";
			targets = (
				160D2D552ECCB91300A25E82 /* WinMio */,
			);
		};
/* End PBXProject section */

/* Begin PBXResourcesBuildPhase section */
		160D2D5B2ECCB91300A25E82 /* Resources */ = {
			isa = PBXResourcesBuildPhase;
			buildActionMask = 2147483647;
			files = (
				C77B57162FC00DCA003FDC61 /* Mio.icon in Resources */,
			);
			runOnlyForDeploymentPostprocessing = 0;
		};
/* End PBXResourcesBuildPhase section */

/* Begin PBXSourcesBuildPhase section */
		160D2D582ECCB91300A25E82 /* Sources */ = {
			isa = PBXSourcesBuildPhase;
			buildActionMask = 2147483647;
			files = (
			);
			runOnlyForDeploymentPostprocessing = 0;
		};
/* End PBXSourcesBuildPhase section */

/* Begin XCBuildConfiguration section */
		160D2D5D2ECCB91300A25E82 /* Debug */ = {
			isa = XCBuildConfiguration;
			baseConfigurationReference = C0DEC0DEC0DEC0DEC0DEC002 /* Debug.xcconfig */;
			buildSettings = {
				ASSETCATALOG_COMPILER_APPICON_NAME = Mio;
				ASSETCATALOG_COMPILER_INCLUDE_ALL_APPICON_ASSETS = NO;
				"CODE_SIGN_IDENTITY[sdk=macosx*]" = "-";
				DEAD_CODE_STRIPPING = YES;
				PRODUCT_BUNDLE_IDENTIFIER = io.github.whatever60.WinMio;
				PRODUCT_NAME = WinMio;
			};
			name = Debug;
		};
		160D2D5E2ECCB91300A25E82 /* Release */ = {
			isa = XCBuildConfiguration;
			baseConfigurationReference = C0DEC0DEC0DEC0DEC0DEC003 /* Release.xcconfig */;
			buildSettings = {
				ASSETCATALOG_COMPILER_APPICON_NAME = Mio;
				ASSETCATALOG_COMPILER_INCLUDE_ALL_APPICON_ASSETS = NO;
				"CODE_SIGN_IDENTITY[sdk=macosx*]" = "-";
				DEAD_CODE_STRIPPING = YES;
				PRODUCT_BUNDLE_IDENTIFIER = io.github.whatever60.WinMio;
				PRODUCT_NAME = WinMio;
			};
			name = Release;
		};
		16C5534A2EB8AF3F008745D0 /* Debug */ = {
			isa = XCBuildConfiguration;
			baseConfigurationReference = C0DEC0DEC0DEC0DEC0DEC002 /* Debug.xcconfig */;
			buildSettings = {
				ALWAYS_SEARCH_USER_PATHS = NO;
				CLANG_ANALYZER_LOCALIZABILITY_NONLOCALIZED = YES;
				CLANG_ANALYZER_NONNULL = YES;
				CLANG_ANALYZER_NUMBER_OBJECT_CONVERSION = YES_AGGRESSIVE;
				CLANG_CXX_LANGUAGE_STANDARD = "gnu++20";
				CLANG_ENABLE_MODULES = YES;
				CLANG_ENABLE_OBJC_ARC = YES;
				CLANG_ENABLE_OBJC_WEAK = YES;
				CLANG_WARN_BLOCK_CAPTURE_AUTORELEASING = YES;
				CLANG_WARN_BOOL_CONVERSION = YES;
				CLANG_WARN_COMMA = YES;
				CLANG_WARN_CONSTANT_CONVERSION = YES;
				CLANG_WARN_DEPRECATED_OBJC_IMPLEMENTATIONS = YES;
				CLANG_WARN_DIRECT_OBJC_ISA_USAGE = YES_ERROR;
				CLANG_WARN_DOCUMENTATION_COMMENTS = YES;
				CLANG_WARN_EMPTY_BODY = YES;
				CLANG_WARN_ENUM_CONVERSION = YES;
				CLANG_WARN_INFINITE_RECURSION = YES;
				CLANG_WARN_INT_CONVERSION = YES;
				CLANG_WARN_NON_LITERAL_NULL_CONVERSION = YES;
				CLANG_WARN_OBJC_IMPLICIT_RETAIN_SELF = YES;
				CLANG_WARN_OBJC_LITERAL_CONVERSION = YES;
				CLANG_WARN_OBJC_ROOT_CLASS = YES_ERROR;
				CLANG_WARN_QUOTED_INCLUDE_IN_FRAMEWORK_HEADER = YES;
				CLANG_WARN_RANGE_LOOP_ANALYSIS = YES;
				CLANG_WARN_STRICT_PROTOTYPES = YES;
				CLANG_WARN_SUSPICIOUS_MOVE = YES;
				CLANG_WARN_UNGUARDED_AVAILABILITY = YES_AGGRESSIVE;
				CLANG_WARN_UNREACHABLE_CODE = YES;
				CLANG_WARN__DUPLICATE_METHOD_MATCH = YES;
				DEAD_CODE_STRIPPING = YES;
				DEVELOPMENT_TEAM = "";
				ENABLE_STRICT_OBJC_MSGSEND = YES;
				ENABLE_USER_SCRIPT_SANDBOXING = YES;
				GCC_C_LANGUAGE_STANDARD = gnu17;
				GCC_DYNAMIC_NO_PIC = NO;
				GCC_NO_COMMON_BLOCKS = YES;
				GCC_PREPROCESSOR_DEFINITIONS = (
					"DEBUG=1",
					"$(inherited)",
				);
				GCC_WARN_64_TO_32_BIT_CONVERSION = YES;
				GCC_WARN_ABOUT_RETURN_TYPE = YES_ERROR;
				GCC_WARN_UNDECLARED_SELECTOR = YES;
				GCC_WARN_UNINITIALIZED_AUTOS = YES_AGGRESSIVE;
				GCC_WARN_UNUSED_FUNCTION = YES;
				GCC_WARN_UNUSED_VARIABLE = YES;
				MTL_FAST_MATH = YES;
				PRODUCT_NAME = WinMio;
				SDKROOT = macosx;
			};
			name = Debug;
		};
		16C5534B2EB8AF3F008745D0 /* Release */ = {
			isa = XCBuildConfiguration;
			baseConfigurationReference = C0DEC0DEC0DEC0DEC0DEC003 /* Release.xcconfig */;
			buildSettings = {
				ALWAYS_SEARCH_USER_PATHS = NO;
				CLANG_ANALYZER_LOCALIZABILITY_NONLOCALIZED = YES;
				CLANG_ANALYZER_NONNULL = YES;
				CLANG_ANALYZER_NUMBER_OBJECT_CONVERSION = YES_AGGRESSIVE;
				CLANG_CXX_LANGUAGE_STANDARD = "gnu++20";
				CLANG_ENABLE_MODULES = YES;
				CLANG_ENABLE_OBJC_ARC = YES;
				CLANG_ENABLE_OBJC_WEAK = YES;
				CLANG_WARN_BLOCK_CAPTURE_AUTORELEASING = YES;
				CLANG_WARN_BOOL_CONVERSION = YES;
				CLANG_WARN_COMMA = YES;
				CLANG_WARN_CONSTANT_CONVERSION = YES;
				CLANG_WARN_DEPRECATED_OBJC_IMPLEMENTATIONS = YES;
				CLANG_WARN_DIRECT_OBJC_ISA_USAGE = YES_ERROR;
				CLANG_WARN_DOCUMENTATION_COMMENTS = YES;
				CLANG_WARN_EMPTY_BODY = YES;
				CLANG_WARN_ENUM_CONVERSION = YES;
				CLANG_WARN_INFINITE_RECURSION = YES;
				CLANG_WARN_INT_CONVERSION = YES;
				CLANG_WARN_NON_LITERAL_NULL_CONVERSION = YES;
				CLANG_WARN_OBJC_IMPLICIT_RETAIN_SELF = YES;
				CLANG_WARN_OBJC_LITERAL_CONVERSION = YES;
				CLANG_WARN_OBJC_ROOT_CLASS = YES_ERROR;
				CLANG_WARN_QUOTED_INCLUDE_IN_FRAMEWORK_HEADER = YES;
				CLANG_WARN_RANGE_LOOP_ANALYSIS = YES;
				CLANG_WARN_STRICT_PROTOTYPES = YES;
				CLANG_WARN_SUSPICIOUS_MOVE = YES;
				CLANG_WARN_UNGUARDED_AVAILABILITY = YES_AGGRESSIVE;
				CLANG_WARN_UNREACHABLE_CODE = YES;
				CLANG_WARN__DUPLICATE_METHOD_MATCH = YES;
				DEAD_CODE_STRIPPING = YES;
				DEVELOPMENT_TEAM = "";
				ENABLE_STRICT_OBJC_MSGSEND = YES;
				ENABLE_USER_SCRIPT_SANDBOXING = YES;
				GCC_C_LANGUAGE_STANDARD = gnu17;
				GCC_NO_COMMON_BLOCKS = YES;
				GCC_WARN_64_TO_32_BIT_CONVERSION = YES;
				GCC_WARN_ABOUT_RETURN_TYPE = YES_ERROR;
				GCC_WARN_UNDECLARED_SELECTOR = YES;
				GCC_WARN_UNINITIALIZED_AUTOS = YES_AGGRESSIVE;
				GCC_WARN_UNUSED_FUNCTION = YES;
				GCC_WARN_UNUSED_VARIABLE = YES;
				MTL_FAST_MATH = YES;
				PRODUCT_NAME = WinMio;
				SDKROOT = macosx;
			};
			name = Release;
		};
/* End XCBuildConfiguration section */

/* Begin XCConfigurationList section */
		160D2D5C2ECCB91300A25E82 /* Build configuration list for PBXNativeTarget "WinMio" */ = {
			isa = XCConfigurationList;
			buildConfigurations = (
				160D2D5D2ECCB91300A25E82 /* Debug */,
				160D2D5E2ECCB91300A25E82 /* Release */,
			);
			defaultConfigurationIsVisible = 0;
			defaultConfigurationName = Release;
		};
		16C5533C2EB8AF3F008745D0 /* Build configuration list for PBXProject "WinMio" */ = {
			isa = XCConfigurationList;
			buildConfigurations = (
				16C5534A2EB8AF3F008745D0 /* Debug */,
				16C5534B2EB8AF3F008745D0 /* Release */,
			);
			defaultConfigurationIsVisible = 0;
			defaultConfigurationName = Release;
		};
/* End XCConfigurationList section */
	};
	rootObject = 16C553392EB8AF3F008745D0 /* Project object */;
}
